
Microsoft Visual Studio Solution File, Format Version 12.00
# Visual Studio 15
VisualStudioVersion = 15.0.27703.2000
MinimumVisualStudioVersion = 10.0.40219.1
Project("{FAE04EC0-301F-11D3-BF4B-00C04F79EFBC}") = "HRIS-eAdmin", "HRIS-eAdmin\HRIS-eAdmin.csproj", "{E1A6071B-D8AD-47C7-A04B-C650DEE76D00}"
EndProject
Global
	GlobalSection(SolutionConfigurationPlatforms) = preSolution
		Debug|Any CPU = Debug|Any CPU
		Release|Any CPU = Release|Any CPU
	EndGlobalSection
	GlobalSection(ProjectConfigurationPlatforms) = postSolution
		{E1A6071B-D8AD-47C7-A04B-C650DEE76D00}.Debug|Any CPU.ActiveCfg = Debug|Any CPU
		{E1A6071B-D8AD-47C7-A04B-C650DEE76D00}.Debug|Any CPU.Build.0 = Debug|Any CPU
		{E1A6071B-D8AD-47C7-A04B-C650DEE76D00}.Release|Any CPU.ActiveCfg = Release|Any CPU
		{E1A6071B-D8AD-47C7-A04B-C650DEE76D00}.Release|Any CPU.Build.0 = Release|Any CPU
	EndGlobalSection
	GlobalSection(SolutionProperties) = preSolution
		HideSolutionNode = FALSE
	EndGlobalSection
	GlobalSection(ExtensibilityGlobals) = postSolution
		SolutionGuid = {BEFF1432-31C6-4DA6-8017-9F3ADE017AE3}
	EndGlobalSection
EndGlobal
